// !$*UTF8*$!
{
	archiveVersion = 1;
	classes = {
	};
	objectVersion = 50;
	objects = {

/* Begin PBXBuildFile section */
		279A9DE01E12456D414D9A5A /* Pods_thereYet.framework in Frameworks */ = {isa = PBXBuildFile; fileRef = 094B7587389749432A38F401 /* Pods_thereYet.framework */; };
		B31BDFB2242F74A60013C8A3 /* AppDelegate.swift in Sources */ = {isa = PBXBuildFile; fileRef = B31BDFB1242F74A60013C8A3 /* AppDelegate.swift */; };
		B31BDFB6242F74A60013C8A3 /* MapViewController.swift in Sources */ = {isa = PBXBuildFile; fileRef = B31BDFB5242F74A60013C8A3 /* MapViewController.swift */; };
		B31BDFB9242F74A60013C8A3 /* Main.storyboard in Resources */ = {isa = PBXBuildFile; fileRef = B31BDFB7242F74A60013C8A3 /* Main.storyboard */; };
		B31BDFBB242F74A90013C8A3 /* Assets.xcassets in Resources */ = {isa = PBXBuildFile; fileRef = B31BDFBA242F74A90013C8A3 /* Assets.xcassets */; };
		B31BDFBE242F74A90013C8A3 /* LaunchScreen.storyboard in Resources */ = {isa = PBXBuildFile; fileRef = B31BDFBC242F74A90013C8A3 /* LaunchScreen.storyboard */; };
		B31BDFC9242F74A90013C8A3 /* thereYetTests.swift in Sources */ = {isa = PBXBuildFile; fileRef = B31BDFC8242F74A90013C8A3 /* thereYetTests.swift */; };
		B31BDFD4242F74A90013C8A3 /* thereYetUITests.swift in Sources */ = {isa = PBXBuildFile; fileRef = B31BDFD3242F74A90013C8A3 /* thereYetUITests.swift */; };
		B32A6AE62441AC800068943F /* Location.swift in Sources */ = {isa = PBXBuildFile; fileRef = B32A6AE52441AC800068943F /* Location.swift */; };
		B3642681244E5F1100071E6B /* SceneDelegate.swift in Sources */ = {isa = PBXBuildFile; fileRef = B3642680244E5F1100071E6B /* SceneDelegate.swift */; };
		B39082B52440F3CF008A3310 /* LocationSearchTableViewController.swift in Sources */ = {isa = PBXBuildFile; fileRef = B39082B42440F3CF008A3310 /* LocationSearchTableViewController.swift */; };
		B3963CE62455A026009E1094 /* thereYet.xcdatamodeld in Sources */ = {isa = PBXBuildFile; fileRef = B3963CE42455A026009E1094 /* thereYet.xcdatamodeld */; };
		B3963CE92455A2B4009E1094 /* Location+CoreDataClass.swift in Sources */ = {isa = PBXBuildFile; fileRef = B3963CE72455A2B4009E1094 /* Location+CoreDataClass.swift */; };
		B3963CEA2455A2B4009E1094 /* Location+CoreDataProperties.swift in Sources */ = {isa = PBXBuildFile; fileRef = B3963CE82455A2B4009E1094 /* Location+CoreDataProperties.swift */; };
		B3963CEC2455C2B2009E1094 /* CoreDataClient.swift in Sources */ = {isa = PBXBuildFile; fileRef = B3963CEB2455C2B2009E1094 /* CoreDataClient.swift */; };
		B397566B2467CA5D00328661 /* Default-568h@2x.png in Resources */ = {isa = PBXBuildFile; fileRef = B397566A2467CA5D00328661 /* Default-568h@2x.png */; };
		B3AD92E9245BF54900BEB009 /* TabViewViewController.swift in Sources */ = {isa = PBXBuildFile; fileRef = B3AD92E8245BF54800BEB009 /* TabViewViewController.swift */; };
		B3B5EF1E2440D2A500F8017B /* TrackListViewController.swift in Sources */ = {isa = PBXBuildFile; fileRef = B3B5EF1D2440D2A500F8017B /* TrackListViewController.swift */; };
		DC9F9573E0039DCF571C3B2C /* Pods_thereYet_thereYetUITests.framework in Frameworks */ = {isa = PBXBuildFile; fileRef = BCD7A1003385258F5BAC012B /* Pods_thereYet_thereYetUITests.framework */; };
		EC727AF404509AFD3EE9E571 /* Pods_thereYetTests.framework in Frameworks */ = {isa = PBXBuildFile; fileRef = 072A49E1F9255D8DB939D7BF /* Pods_thereYetTests.framework */; };
/* End PBXBuildFile section */

/* Begin PBXContainerItemProxy section */
		B31BDFC5242F74A90013C8A3 /* PBXContainerItemProxy */ = {
			isa = PBXContainerItemProxy;
			containerPortal = B31BDFA6242F74A60013C8A3 /* Project object */;
			proxyType = 1;
			remoteGlobalIDString = B31BDFAD242F74A60013C8A3;
			remoteInfo = thereYet;
		};
		B31BDFD0242F74A90013C8A3 /* PBXContainerItemProxy */ = {
			isa = PBXContainerItemProxy;
			containerPortal = B31BDFA6242F74A60013C8A3 /* Project object */;
			proxyType = 1;
			remoteGlobalIDString = B31BDFAD242F74A60013C8A3;
			remoteInfo = thereYet;
		};
/* End PBXContainerItemProxy section */

/* Begin PBXFileReference section */
		072A49E1F9255D8DB939D7BF /* Pods_thereYetTests.framework */ = {isa = PBXFileReference; explicitFileType = wrapper.framework; includeInIndex = 0; path = Pods_thereYetTests.framework; sourceTree = BUILT_PRODUCTS_DIR; };
		094B7587389749432A38F401 /* Pods_thereYet.framework */ = {isa = PBXFileReference; explicitFileType = wrapper.framework; includeInIndex = 0; path = Pods_thereYet.framework; sourceTree = BUILT_PRODUCTS_DIR; };
		1127BE89C318699AE7C3FB9D /* Pods-thereYetTests.release.xcconfig */ = {isa = PBXFileReference; includeInIndex = 1; lastKnownFileType = text.xcconfig; name = "Pods-thereYetTests.release.xcconfig"; path = "Target Support Files/Pods-thereYetTests/Pods-thereYetTests.release.xcconfig"; sourceTree = "<group>"; };
		352A3622CCF97BC49A8F2327 /* Pods-thereYet.debug.xcconfig */ = {isa = PBXFileReference; includeInIndex = 1; lastKnownFileType = text.xcconfig; name = "Pods-thereYet.debug.xcconfig"; path = "Target Support Files/Pods-thereYet/Pods-thereYet.debug.xcconfig"; sourceTree = "<group>"; };
		5527E62177CB82F5A513EB58 /* Pods-thereYet-thereYetUITests.release.xcconfig */ = {isa = PBXFileReference; includeInIndex = 1; lastKnownFileType = text.xcconfig; name = "Pods-thereYet-thereYetUITests.release.xcconfig"; path = "Target Support Files/Pods-thereYet-thereYetUITests/Pods-thereYet-thereYetUITests.release.xcconfig"; sourceTree = "<group>"; };
		8B5F77927270270E7BB5829C /* Pods-thereYetTests.debug.xcconfig */ = {isa = PBXFileReference; includeInIndex = 1; lastKnownFileType = text.xcconfig; name = "Pods-thereYetTests.debug.xcconfig"; path = "Target Support Files/Pods-thereYetTests/Pods-thereYetTests.debug.xcconfig"; sourceTree = "<group>"; };
		9430BF4A210E4EFF4FCCB897 /* Pods-thereYet.release.xcconfig */ = {isa = PBXFileReference; includeInIndex = 1; lastKnownFileType = text.xcconfig; name = "Pods-thereYet.release.xcconfig"; path = "Target Support Files/Pods-thereYet/Pods-thereYet.release.xcconfig"; sourceTree = "<group>"; };
		B31BDFAE242F74A60013C8A3 /* thereYet.app */ = {isa = PBXFileReference; explicitFileType = wrapper.application; includeInIndex = 0; path = thereYet.app; sourceTree = BUILT_PRODUCTS_DIR; };
		B31BDFB1242F74A60013C8A3 /* AppDelegate.swift */ = {isa = PBXFileReference; lastKnownFileType = sourcecode.swift; path = AppDelegate.swift; sourceTree = "<group>"; };
		B31BDFB5242F74A60013C8A3 /* MapViewController.swift */ = {isa = PBXFileReference; lastKnownFileType = sourcecode.swift; path = MapViewController.swift; sourceTree = "<group>"; };
		B31BDFB8242F74A60013C8A3 /* Base */ = {isa = PBXFileReference; lastKnownFileType = file.storyboard; name = Base; path = Base.lproj/Main.storyboard; sourceTree = "<group>"; };
		B31BDFBA242F74A90013C8A3 /* Assets.xcassets */ = {isa = PBXFileReference; lastKnownFileType = folder.assetcatalog; path = Assets.xcassets; sourceTree = "<group>"; };
		B31BDFBD242F74A90013C8A3 /* Base */ = {isa = PBXFileReference; lastKnownFileType = file.storyboard; name = Base; path = Base.lproj/LaunchScreen.storyboard; sourceTree = "<group>"; };
		B31BDFBF242F74A90013C8A3 /* Info.plist */ = {isa = PBXFileReference; lastKnownFileType = text.plist.xml; path = Info.plist; sourceTree = "<group>"; };
		B31BDFC4242F74A90013C8A3 /* thereYetTests.xctest */ = {isa = PBXFileReference; explicitFileType = wrapper.cfbundle; includeInIndex = 0; path = thereYetTests.xctest; sourceTree = BUILT_PRODUCTS_DIR; };
		B31BDFC8242F74A90013C8A3 /* thereYetTests.swift */ = {isa = PBXFileReference; lastKnownFileType = sourcecode.swift; path = thereYetTests.swift; sourceTree = "<group>"; };
		B31BDFCA242F74A90013C8A3 /* Info.plist */ = {isa = PBXFileReference; lastKnownFileType = text.plist.xml; path = Info.plist; sourceTree = "<group>"; };
		B31BDFCF242F74A90013C8A3 /* thereYetUITests.xctest */ = {isa = PBXFileReference; explicitFileType = wrapper.cfbundle; includeInIndex = 0; path = thereYetUITests.xctest; sourceTree = BUILT_PRODUCTS_DIR; };
		B31BDFD3242F74A90013C8A3 /* thereYetUITests.swift */ = {isa = PBXFileReference; lastKnownFileType = sourcecode.swift; path = thereYetUITests.swift; sourceTree = "<group>"; };
		B31BDFD5242F74A90013C8A3 /* Info.plist */ = {isa = PBXFileReference; lastKnownFileType = text.plist.xml; path = Info.plist; sourceTree = "<group>"; };
		B32A6AE52441AC800068943F /* Location.swift */ = {isa = PBXFileReference; lastKnownFileType = sourcecode.swift; path = Location.swift; sourceTree = "<group>"; };
		B32A6AE72444DEF50068943F /* thereYet.entitlements */ = {isa = PBXFileReference; lastKnownFileType = text.plist.entitlements; path = thereYet.entitlements; sourceTree = "<group>"; };
		B3642680244E5F1100071E6B /* SceneDelegate.swift */ = {isa = PBXFileReference; lastKnownFileType = sourcecode.swift; path = SceneDelegate.swift; sourceTree = "<group>"; };
		B39082B42440F3CF008A3310 /* LocationSearchTableViewController.swift */ = {isa = PBXFileReference; lastKnownFileType = sourcecode.swift; path = LocationSearchTableViewController.swift; sourceTree = "<group>"; };
		B3963CE52455A026009E1094 /* thereYet.xcdatamodel */ = {isa = PBXFileReference; lastKnownFileType = wrapper.xcdatamodel; path = thereYet.xcdatamodel; sourceTree = "<group>"; };
		B3963CE72455A2B4009E1094 /* Location+CoreDataClass.swift */ = {isa = PBXFileReference; lastKnownFileType = sourcecode.swift; path = "Location+CoreDataClass.swift"; sourceTree = "<group>"; };
		B3963CE82455A2B4009E1094 /* Location+CoreDataProperties.swift */ = {isa = PBXFileReference; lastKnownFileType = sourcecode.swift; path = "Location+CoreDataProperties.swift"; sourceTree = "<group>"; };
		B3963CEB2455C2B2009E1094 /* CoreDataClient.swift */ = {isa = PBXFileReference; lastKnownFileType = sourcecode.swift; path = CoreDataClient.swift; sourceTree = "<group>"; };
		B397566A2467CA5D00328661 /* Default-568h@2x.png */ = {isa = PBXFileReference; lastKnownFileType = image.png; path = "Default-568h@2x.png"; sourceTree = "<group>"; };
		B3AD92E8245BF54800BEB009 /* TabViewViewController.swift */ = {isa = PBXFileReference; lastKnownFileType = sourcecode.swift; path = TabViewViewController.swift; sourceTree = "<group>"; };
		B3B5EF1D2440D2A500F8017B /* TrackListViewController.swift */ = {isa = PBXFileReference; lastKnownFileType = sourcecode.swift; path = TrackListViewController.swift; sourceTree = "<group>"; };
		BCD7A1003385258F5BAC012B /* Pods_thereYet_thereYetUITests.framework */ = {isa = PBXFileReference; explicitFileType = wrapper.framework; includeInIndex = 0; path = Pods_thereYet_thereYetUITests.framework; sourceTree = BUILT_PRODUCTS_DIR; };
		F606244985EA79FED8978B8C /* Pods-thereYet-thereYetUITests.debug.xcconfig */ = {isa = PBXFileReference; includeInIndex = 1; lastKnownFileType = text.xcconfig; name = "Pods-thereYet-thereYetUITests.debug.xcconfig"; path = "Target Support Files/Pods-thereYet-thereYetUITests/Pods-thereYet-thereYetUITests.debug.xcconfig"; sourceTree = "<group>"; };
/* End PBXFileReference section */

/* Begin PBXFrameworksBuildPhase section */
		B31BDFAB242F74A60013C8A3 /* Frameworks */ = {
			isa = PBXFrameworksBuildPhase;
			buildActionMask = 2147483647;
			files = (
				279A9DE01E12456D414D9A5A /* Pods_thereYet.framework in Frameworks */,
			);
			runOnlyForDeploymentPostprocessing = 0;
		};
		B31BDFC1242F74A90013C8A3 /* Frameworks */ = {
			isa = PBXFrameworksBuildPhase;
			buildActionMask = 2147483647;
			files = (
				EC727AF404509AFD3EE9E571 /* Pods_thereYetTests.framework in Frameworks */,
			);
			runOnlyForDeploymentPostprocessing = 0;
		};
		B31BDFCC242F74A90013C8A3 /* Frameworks */ = {
			isa = PBXFrameworksBuildPhase;
			buildActionMask = 2147483647;
			files = (
				DC9F9573E0039DCF571C3B2C /* Pods_thereYet_thereYetUITests.framework in Frameworks */,
			);
			runOnlyForDeploymentPostprocessing = 0;
		};
/* End PBXFrameworksBuildPhase section */

/* Begin PBXGroup section */
		B31BDFA5242F74A60013C8A3 = {
			isa = PBXGroup;
			children = (
				B397566A2467CA5D00328661 /* Default-568h@2x.png */,
				B3963CE72455A2B4009E1094 /* Location+CoreDataClass.swift */,
				B3963CE82455A2B4009E1094 /* Location+CoreDataProperties.swift */,
				B31BDFB0242F74A60013C8A3 /* thereYet */,
				B31BDFC7242F74A90013C8A3 /* thereYetTests */,
				B31BDFD2242F74A90013C8A3 /* thereYetUITests */,
				B31BDFAF242F74A60013C8A3 /* Products */,
				ED971DCA92462842AA6BF5AD /* Pods */,
				B4AA6ED3D7BEEB1EAB1D7594 /* Frameworks */,
			);
			sourceTree = "<group>";
		};
		B31BDFAF242F74A60013C8A3 /* Products */ = {
			isa = PBXGroup;
			children = (
				B31BDFAE242F74A60013C8A3 /* thereYet.app */,
				B31BDFC4242F74A90013C8A3 /* thereYetTests.xctest */,
				B31BDFCF242F74A90013C8A3 /* thereYetUITests.xctest */,
			);
			name = Products;
			sourceTree = "<group>";
		};
		B31BDFB0242F74A60013C8A3 /* thereYet */ = {
			isa = PBXGroup;
			children = (
				B39756682467C93D00328661 /* AppDelegate */,
				B39756672467C8AD00328661 /* Controllers */,
				B39756692467C9C500328661 /* Models */,
				B3963CE324559F9E009E1094 /* Resources */,
				B397566C2467D92B00328661 /* Shared */,
			);
			path = thereYet;
			sourceTree = "<group>";
		};
		B31BDFC7242F74A90013C8A3 /* thereYetTests */ = {
			isa = PBXGroup;
			children = (
				B31BDFC8242F74A90013C8A3 /* thereYetTests.swift */,
				B31BDFCA242F74A90013C8A3 /* Info.plist */,
			);
			path = thereYetTests;
			sourceTree = "<group>";
		};
		B31BDFD2242F74A90013C8A3 /* thereYetUITests */ = {
			isa = PBXGroup;
			children = (
				B31BDFD3242F74A90013C8A3 /* thereYetUITests.swift */,
				B31BDFD5242F74A90013C8A3 /* Info.plist */,
			);
			path = thereYetUITests;
			sourceTree = "<group>";
		};
		B3963CE324559F9E009E1094 /* Resources */ = {
			isa = PBXGroup;
			children = (
				B32A6AE72444DEF50068943F /* thereYet.entitlements */,
				B31BDFBC242F74A90013C8A3 /* LaunchScreen.storyboard */,
				B31BDFB7242F74A60013C8A3 /* Main.storyboard */,
				B3963CE42455A026009E1094 /* thereYet.xcdatamodeld */,
				B31BDFBA242F74A90013C8A3 /* Assets.xcassets */,
				B31BDFBF242F74A90013C8A3 /* Info.plist */,
			);
			path = Resources;
			sourceTree = "<group>";
		};
		B39756672467C8AD00328661 /* Controllers */ = {
			isa = PBXGroup;
			children = (
				B39082B42440F3CF008A3310 /* LocationSearchTableViewController.swift */,
				B31BDFB5242F74A60013C8A3 /* MapViewController.swift */,
				B3AD92E8245BF54800BEB009 /* TabViewViewController.swift */,
				B3B5EF1D2440D2A500F8017B /* TrackListViewController.swift */,
			);
			path = Controllers;
			sourceTree = "<group>";
		};
		B39756682467C93D00328661 /* AppDelegate */ = {
			isa = PBXGroup;
			children = (
				B31BDFB1242F74A60013C8A3 /* AppDelegate.swift */,
				B3642680244E5F1100071E6B /* SceneDelegate.swift */,
			);
			path = AppDelegate;
			sourceTree = "<group>";
		};
		B39756692467C9C500328661 /* Models */ = {
			isa = PBXGroup;
			children = (
				B32A6AE52441AC800068943F /* Location.swift */,
			);
			path = Models;
			sourceTree = "<group>";
		};
		B397566C2467D92B00328661 /* Shared */ = {
			isa = PBXGroup;
			children = (
				B3963CEB2455C2B2009E1094 /* CoreDataClient.swift */,
			);
			path = Shared;
			sourceTree = "<group>";
		};
		B4AA6ED3D7BEEB1EAB1D7594 /* Frameworks */ = {
			isa = PBXGroup;
			children = (
				094B7587389749432A38F401 /* Pods_thereYet.framework */,
				BCD7A1003385258F5BAC012B /* Pods_thereYet_thereYetUITests.framework */,
				072A49E1F9255D8DB939D7BF /* Pods_thereYetTests.framework */,
			);
			name = Frameworks;
			sourceTree = "<group>";
		};
		ED971DCA92462842AA6BF5AD /* Pods */ = {
			isa = PBXGroup;
			children = (
				352A3622CCF97BC49A8F2327 /* Pods-thereYet.debug.xcconfig */,
				9430BF4A210E4EFF4FCCB897 /* Pods-thereYet.release.xcconfig */,
				F606244985EA79FED8978B8C /* Pods-thereYet-thereYetUITests.debug.xcconfig */,
				5527E62177CB82F5A513EB58 /* Pods-thereYet-thereYetUITests.release.xcconfig */,
				8B5F77927270270E7BB5829C /* Pods-thereYetTests.debug.xcconfig */,
				1127BE89C318699AE7C3FB9D /* Pods-thereYetTests.release.xcconfig */,
			);
			path = Pods;
			sourceTree = "<group>";
		};
/* End PBXGroup section */

/* Begin PBXNativeTarget section */
		B31BDFAD242F74A60013C8A3 /* thereYet */ = {
			isa = PBXNativeTarget;
			buildConfigurationList = B31BDFD8242F74A90013C8A3 /* Build configuration list for PBXNativeTarget "thereYet" */;
			buildPhases = (
				59795B902D74BFAEFD5DE425 /* [CP] Check Pods Manifest.lock */,
				B31BDFAA242F74A60013C8A3 /* Sources */,
				B31BDFAB242F74A60013C8A3 /* Frameworks */,
				B31BDFAC242F74A60013C8A3 /* Resources */,
			);
			buildRules = (
			);
			dependencies = (
			);
			name = thereYet;
			productName = thereYet;
			productReference = B31BDFAE242F74A60013C8A3 /* thereYet.app */;
			productType = "com.apple.product-type.application";
		};
		B31BDFC3242F74A90013C8A3 /* thereYetTests */ = {
			isa = PBXNativeTarget;
			buildConfigurationList = B31BDFDB242F74A90013C8A3 /* Build configuration list for PBXNativeTarget "thereYetTests" */;
			buildPhases = (
				6E2956BEA205ED8338610C04 /* [CP] Check Pods Manifest.lock */,
				B31BDFC0242F74A90013C8A3 /* Sources */,
				B31BDFC1242F74A90013C8A3 /* Frameworks */,
				B31BDFC2242F74A90013C8A3 /* Resources */,
			);
			buildRules = (
			);
			dependencies = (
				B31BDFC6242F74A90013C8A3 /* PBXTargetDependency */,
			);
			name = thereYetTests;
			productName = thereYetTests;
			productReference = B31BDFC4242F74A90013C8A3 /* thereYetTests.xctest */;
			productType = "com.apple.product-type.bundle.unit-test";
		};
		B31BDFCE242F74A90013C8A3 /* thereYetUITests */ = {
			isa = PBXNativeTarget;
			buildConfigurationList = B31BDFDE242F74A90013C8A3 /* Build configuration list for PBXNativeTarget "thereYetUITests" */;
			buildPhases = (
				06BB81870254F902A9DF0C10 /* [CP] Check Pods Manifest.lock */,
				B31BDFCB242F74A90013C8A3 /* Sources */,
				B31BDFCC242F74A90013C8A3 /* Frameworks */,
				B31BDFCD242F74A90013C8A3 /* Resources */,
			);
			buildRules = (
			);
			dependencies = (
				B31BDFD1242F74A90013C8A3 /* PBXTargetDependency */,
			);
			name = thereYetUITests;
			productName = thereYetUITests;
			productReference = B31BDFCF242F74A90013C8A3 /* thereYetUITests.xctest */;
			productType = "com.apple.product-type.bundle.ui-testing";
		};
/* End PBXNativeTarget section */

/* Begin PBXProject section */
		B31BDFA6242F74A60013C8A3 /* Project object */ = {
			isa = PBXProject;
			attributes = {
				LastSwiftUpdateCheck = 1140;
				LastUpgradeCheck = 1140;
				ORGANIZATIONNAME = ddhwty;
				TargetAttributes = {
					B31BDFAD242F74A60013C8A3 = {
						CreatedOnToolsVersion = 11.4;
					};
					B31BDFC3242F74A90013C8A3 = {
						CreatedOnToolsVersion = 11.4;
						TestTargetID = B31BDFAD242F74A60013C8A3;
					};
					B31BDFCE242F74A90013C8A3 = {
						CreatedOnToolsVersion = 11.4;
						TestTargetID = B31BDFAD242F74A60013C8A3;
					};
				};
			};
			buildConfigurationList = B31BDFA9242F74A60013C8A3 /* Build configuration list for PBXProject "thereYet" */;
			compatibilityVersion = "Xcode 9.3";
			developmentRegion = en;
			hasScannedForEncodings = 0;
			knownRegions = (
				en,
				Base,
			);
			mainGroup = B31BDFA5242F74A60013C8A3;
			productRefGroup = B31BDFAF242F74A60013C8A3 /* Products */;
			projectDirPath = "";
			projectRoot = "";
			targets = (
				B31BDFAD242F74A60013C8A3 /* thereYet */,
				B31BDFC3242F74A90013C8A3 /* thereYetTests */,
				B31BDFCE242F74A90013C8A3 /* thereYetUITests */,
			);
		};
/* End PBXProject section */

/* Begin PBXResourcesBuildPhase section */
		B31BDFAC242F74A60013C8A3 /* Resources */ = {
			isa = PBXResourcesBuildPhase;
			buildActionMask = 2147483647;
			files = (
				B31BDFBE242F74A90013C8A3 /* LaunchScreen.storyboard in Resources */,
				B397566B2467CA5D00328661 /* Default-568h@2x.png in Resources */,
				B31BDFBB242F74A90013C8A3 /* Assets.xcassets in Resources */,
				B31BDFB9242F74A60013C8A3 /* Main.storyboard in Resources */,
			);
			runOnlyForDeploymentPostprocessing = 0;
		};
		B31BDFC2242F74A90013C8A3 /* Resources */ = {
			isa = PBXResourcesBuildPhase;
			buildActionMask = 2147483647;
			files = (
			);
			runOnlyForDeploymentPostprocessing = 0;
		};
		B31BDFCD242F74A90013C8A3 /* Resources */ = {
			isa = PBXResourcesBuildPhase;
			buildActionMask = 2147483647;
			files = (
			);
			runOnlyForDeploymentPostprocessing = 0;
		};
/* End PBXResourcesBuildPhase section */

/* Begin PBXShellScriptBuildPhase section */
		06BB81870254F902A9DF0C10 /* [CP] Check Pods Manifest.lock */ = {
			isa = PBXShellScriptBuildPhase;
			buildActionMask = 2147483647;
			files = (
			);
			inputFileListPaths = (
			);
			inputPaths = (
				"${PODS_PODFILE_DIR_PATH}/Podfile.lock",
				"${PODS_ROOT}/Manifest.lock",
			);
			name = "[CP] Check Pods Manifest.lock";
			outputFileListPaths = (
			);
			outputPaths = (
				"$(DERIVED_FILE_DIR)/Pods-thereYet-thereYetUITests-checkManifestLockResult.txt",
			);
			runOnlyForDeploymentPostprocessing = 0;
			shellPath = /bin/sh;
			shellScript = "diff \"${PODS_PODFILE_DIR_PATH}/Podfile.lock\" \"${PODS_ROOT}/Manifest.lock\" > /dev/null\nif [ $? != 0 ] ; then\n    # print error to STDERR\n    echo \"error: The sandbox is not in sync with the Podfile.lock. Run 'pod install' or update your CocoaPods installation.\" >&2\n    exit 1\nfi\n# This output is used by Xcode 'outputs' to avoid re-running this script phase.\necho \"SUCCESS\" > \"${SCRIPT_OUTPUT_FILE_0}\"\n";
			showEnvVarsInLog = 0;
		};
		59795B902D74BFAEFD5DE425 /* [CP] Check Pods Manifest.lock */ = {
			isa = PBXShellScriptBuildPhase;
			buildActionMask = 2147483647;
			files = (
			);
			inputFileListPaths = (
			);
			inputPaths = (
				"${PODS_PODFILE_DIR_PATH}/Podfile.lock",
				"${PODS_ROOT}/Manifest.lock",
			);
			name = "[CP] Check Pods Manifest.lock";
			outputFileListPaths = (
			);
			outputPaths = (
				"$(DERIVED_FILE_DIR)/Pods-thereYet-checkManifestLockResult.txt",
			);
			runOnlyForDeploymentPostprocessing = 0;
			shellPath = /bin/sh;
			shellScript = "diff \"${PODS_PODFILE_DIR_PATH}/Podfile.lock\" \"${PODS_ROOT}/Manifest.lock\" > /dev/null\nif [ $? != 0 ] ; then\n    # print error to STDERR\n    echo \"error: The sandbox is not in sync with the Podfile.lock. Run 'pod install' or update your CocoaPods installation.\" >&2\n    exit 1\nfi\n# This output is used by Xcode 'outputs' to avoid re-running this script phase.\necho \"SUCCESS\" > \"${SCRIPT_OUTPUT_FILE_0}\"\n";
			showEnvVarsInLog = 0;
		};
		6E2956BEA205ED8338610C04 /* [CP] Check Pods Manifest.lock */ = {
			isa = PBXShellScriptBuildPhase;
			buildActionMask = 2147483647;
			files = (
			);
			inputFileListPaths = (
			);
			inputPaths = (
				"${PODS_PODFILE_DIR_PATH}/Podfile.lock",
				"${PODS_ROOT}/Manifest.lock",
			);
			name = "[CP] Check Pods Manifest.lock";
			outputFileListPaths = (
			);
			outputPaths = (
				"$(DERIVED_FILE_DIR)/Pods-thereYetTests-checkManifestLockResult.txt",
			);
			runOnlyForDeploymentPostprocessing = 0;
			shellPath = /bin/sh;
			shellScript = "diff \"${PODS_PODFILE_DIR_PATH}/Podfile.lock\" \"${PODS_ROOT}/Manifest.lock\" > /dev/null\nif [ $? != 0 ] ; then\n    # print error to STDERR\n    echo \"error: The sandbox is not in sync with the Podfile.lock. Run 'pod install' or update your CocoaPods installation.\" >&2\n    exit 1\nfi\n# This output is used by Xcode 'outputs' to avoid re-running this script phase.\necho \"SUCCESS\" > \"${SCRIPT_OUTPUT_FILE_0}\"\n";
			showEnvVarsInLog = 0;
		};
/* End PBXShellScriptBuildPhase section */

/* Begin PBXSourcesBuildPhase section */
		B31BDFAA242F74A60013C8A3 /* Sources */ = {
			isa = PBXSourcesBuildPhase;
			buildActionMask = 2147483647;
			files = (
				B3B5EF1E2440D2A500F8017B /* TrackListViewController.swift in Sources */,
				B39082B52440F3CF008A3310 /* LocationSearchTableViewController.swift in Sources */,
				B31BDFB6242F74A60013C8A3 /* MapViewController.swift in Sources */,
				B3963CEA2455A2B4009E1094 /* Location+CoreDataProperties.swift in Sources */,
				B31BDFB2242F74A60013C8A3 /* AppDelegate.swift in Sources */,
				B3963CEC2455C2B2009E1094 /* CoreDataClient.swift in Sources */,
				B32A6AE62441AC800068943F /* Location.swift in Sources */,
				B3963CE92455A2B4009E1094 /* Location+CoreDataClass.swift in Sources */,
				B3642681244E5F1100071E6B /* SceneDelegate.swift in Sources */,
				B3AD92E9245BF54900BEB009 /* TabViewViewController.swift in Sources */,
				B3963CE62455A026009E1094 /* thereYet.xcdatamodeld in Sources */,
			);
			runOnlyForDeploymentPostprocessing = 0;
		};
		B31BDFC0242F74A90013C8A3 /* Sources */ = {
			isa = PBXSourcesBuildPhase;
			buildActionMask = 2147483647;
			files = (
				B31BDFC9242F74A90013C8A3 /* thereYetTests.swift in Sources */,
			);
			runOnlyForDeploymentPostprocessing = 0;
		};
		B31BDFCB242F74A90013C8A3 /* Sources */ = {
			isa = PBXSourcesBuildPhase;
			buildActionMask = 2147483647;
			files = (
				B31BDFD4242F74A90013C8A3 /* thereYetUITests.swift in Sources */,
			);
			runOnlyForDeploymentPostprocessing = 0;
		};
/* End PBXSourcesBuildPhase section */

/* Begin PBXTargetDependency section */
		B31BDFC6242F74A90013C8A3 /* PBXTargetDependency */ = {
			isa = PBXTargetDependency;
			target = B31BDFAD242F74A60013C8A3 /* thereYet */;
			targetProxy = B31BDFC5242F74A90013C8A3 /* PBXContainerItemProxy */;
		};
		B31BDFD1242F74A90013C8A3 /* PBXTargetDependency */ = {
			isa = PBXTargetDependency;
			target = B31BDFAD242F74A60013C8A3 /* thereYet */;
			targetProxy = B31BDFD0242F74A90013C8A3 /* PBXContainerItemProxy */;
		};
/* End PBXTargetDependency section */

/* Begin PBXVariantGroup section */
		B31BDFB7242F74A60013C8A3 /* Main.storyboard */ = {
			isa = PBXVariantGroup;
			children = (
				B31BDFB8242F74A60013C8A3 /* Base */,
			);
			name = Main.storyboard;
			sourceTree = "<group>";
		};
		B31BDFBC242F74A90013C8A3 /* LaunchScreen.storyboard */ = {
			isa = PBXVariantGroup;
			children = (
				B31BDFBD242F74A90013C8A3 /* Base */,
			);
			name = LaunchScreen.storyboard;
			sourceTree = "<group>";
		};
/* End PBXVariantGroup section */

/* Begin XCBuildConfiguration section */
		B31BDFD6242F74A90013C8A3 /* Debug */ = {
			isa = XCBuildConfiguration;
			buildSettings = {
				ALWAYS_SEARCH_USER_PATHS = NO;
				CLANG_ANALYZER_NONNULL = YES;
				CLANG_ANALYZER_NUMBER_OBJECT_CONVERSION = YES_AGGRESSIVE;
				CLANG_CXX_LANGUAGE_STANDARD = "gnu++14";
				CLANG_CXX_LIBRARY = "libc++";
				CLANG_ENABLE_MODULES = YES;
				CLANG_ENABLE_OBJC_ARC = YES;
				CLANG_ENABLE_OBJC_WEAK = YES;
				CLANG_WARN_BLOCK_CAPTURE_AUTORELEASING = YES;
				CLANG_WARN_BOOL_CONVERSION = YES;
				CLANG_WARN_COMMA = YES;
				CLANG_WARN_CONSTANT_CONVERSION = YES;
				CLANG_WARN_DEPRECATED_OBJC_IMPLEMENTATIONS = YES;
				CLANG_WARN_DIRECT_OBJC_ISA_USAGE = YES_ERROR;
				CLANG_WARN_DOCUMENTATION_COMMENTS = YES;
				CLANG_WARN_EMPTY_BODY = YES;
				CLANG_WARN_ENUM_CONVERSION = YES;
				CLANG_WARN_INFINITE_RECURSION = YES;
				CLANG_WARN_INT_CONVERSION = YES;
				CLANG_WARN_NON_LITERAL_NULL_CONVERSION = YES;
				CLANG_WARN_OBJC_IMPLICIT_RETAIN_SELF = YES;
				CLANG_WARN_OBJC_LITERAL_CONVERSION = YES;
				CLANG_WARN_OBJC_ROOT_CLASS = YES_ERROR;
				CLANG_WARN_RANGE_LOOP_ANALYSIS = YES;
				CLANG_WARN_STRICT_PROTOTYPES = YES;
				CLANG_WARN_SUSPICIOUS_MOVE = YES;
				CLANG_WARN_UNGUARDED_AVAILABILITY = YES_AGGRESSIVE;
				CLANG_WARN_UNREACHABLE_CODE = YES;
				CLANG_WARN__DUPLICATE_METHOD_MATCH = YES;
				COPY_PHASE_STRIP = NO;
				DEBUG_INFORMATION_FORMAT = dwarf;
				ENABLE_STRICT_OBJC_MSGSEND = YES;
				ENABLE_TESTABILITY = YES;
				GCC_C_LANGUAGE_STANDARD = gnu11;
				GCC_DYNAMIC_NO_PIC = NO;
				GCC_NO_COMMON_BLOCKS = YES;
				GCC_OPTIMIZATION_LEVEL = 0;
				GCC_PREPROCESSOR_DEFINITIONS = (
					"DEBUG=1",
					"$(inherited)",
				);
				GCC_WARN_64_TO_32_BIT_CONVERSION = YES;
				GCC_WARN_ABOUT_RETURN_TYPE = YES_ERROR;
				GCC_WARN_UNDECLARED_SELECTOR = YES;
				GCC_WARN_UNINITIALIZED_AUTOS = YES_AGGRESSIVE;
				GCC_WARN_UNUSED_FUNCTION = YES;
				GCC_WARN_UNUSED_VARIABLE = YES;
				IPHONEOS_DEPLOYMENT_TARGET = 13.4;
				MTL_ENABLE_DEBUG_INFO = INCLUDE_SOURCE;
				MTL_FAST_MATH = YES;
				ONLY_ACTIVE_ARCH = YES;
				SDKROOT = iphoneos;
				SWIFT_ACTIVE_COMPILATION_CONDITIONS = DEBUG;
				SWIFT_OPTIMIZATION_LEVEL = "-Onone";
			};
			name = Debug;
		};
		B31BDFD7242F74A90013C8A3 /* Release */ = {
			isa = XCBuildConfiguration;
			buildSettings = {
				ALWAYS_SEARCH_USER_PATHS = NO;
				CLANG_ANALYZER_NONNULL = YES;
				CLANG_ANALYZER_NUMBER_OBJECT_CONVERSION = YES_AGGRESSIVE;
				CLANG_CXX_LANGUAGE_STANDARD = "gnu++14";
				CLANG_CXX_LIBRARY = "libc++";
				CLANG_ENABLE_MODULES = YES;
				CLANG_ENABLE_OBJC_ARC = YES;
				CLANG_ENABLE_OBJC_WEAK = YES;
				CLANG_WARN_BLOCK_CAPTURE_AUTORELEASING = YES;
				CLANG_WARN_BOOL_CONVERSION = YES;
				CLANG_WARN_COMMA = YES;
				CLANG_WARN_CONSTANT_CONVERSION = YES;
				CLANG_WARN_DEPRECATED_OBJC_IMPLEMENTATIONS = YES;
				CLANG_WARN_DIRECT_OBJC_ISA_USAGE = YES_ERROR;
				CLANG_WARN_DOCUMENTATION_COMMENTS = YES;
				CLANG_WARN_EMPTY_BODY = YES;
				CLANG_WARN_ENUM_CONVERSION = YES;
				CLANG_WARN_INFINITE_RECURSION = YES;
				CLANG_WARN_INT_CONVERSION = YES;
				CLANG_WARN_NON_LITERAL_NULL_CONVERSION = YES;
				CLANG_WARN_OBJC_IMPLICIT_RETAIN_SELF = YES;
				CLANG_WARN_OBJC_LITERAL_CONVERSION = YES;
				CLANG_WARN_OBJC_ROOT_CLASS = YES_ERROR;
				CLANG_WARN_RANGE_LOOP_ANALYSIS = YES;
				CLANG_WARN_STRICT_PROTOTYPES = YES;
				CLANG_WARN_SUSPICIOUS_MOVE = YES;
				CLANG_WARN_UNGUARDED_AVAILABILITY = YES_AGGRESSIVE;
				CLANG_WARN_UNREACHABLE_CODE = YES;
				CLANG_WARN__DUPLICATE_METHOD_MATCH = YES;
				COPY_PHASE_STRIP = NO;
				DEBUG_INFORMATION_FORMAT = "dwarf-with-dsym";
				ENABLE_NS_ASSERTIONS = NO;
				ENABLE_STRICT_OBJC_MSGSEND = YES;
				GCC_C_LANGUAGE_STANDARD = gnu11;
				GCC_NO_COMMON_BLOCKS = YES;
				GCC_WARN_64_TO_32_BIT_CONVERSION = YES;
				GCC_WARN_ABOUT_RETURN_TYPE = YES_ERROR;
				GCC_WARN_UNDECLARED_SELECTOR = YES;
				GCC_WARN_UNINITIALIZED_AUTOS = YES_AGGRESSIVE;
				GCC_WARN_UNUSED_FUNCTION = YES;
				GCC_WARN_UNUSED_VARIABLE = YES;
				IPHONEOS_DEPLOYMENT_TARGET = 13.4;
				MTL_ENABLE_DEBUG_INFO = NO;
				MTL_FAST_MATH = YES;
				SDKROOT = iphoneos;
				SWIFT_COMPILATION_MODE = wholemodule;
				SWIFT_OPTIMIZATION_LEVEL = "-O";
				VALIDATE_PRODUCT = YES;
			};
			name = Release;
		};
		B31BDFD9242F74A90013C8A3 /* Debug */ = {
			isa = XCBuildConfiguration;
			baseConfigurationReference = 352A3622CCF97BC49A8F2327 /* Pods-thereYet.debug.xcconfig */;
			buildSettings = {
				ASSETCATALOG_COMPILER_APPICON_NAME = AppIcon;
				CODE_SIGN_ENTITLEMENTS = thereYet/Resources/thereYet.entitlements;
				CODE_SIGN_STYLE = Automatic;
				DEVELOPMENT_TEAM = Z2TAY6TRFW;
				INFOPLIST_FILE = thereYet/Resources/Info.plist;
				LD_RUNPATH_SEARCH_PATHS = (
					"$(inherited)",
					"@executable_path/Frameworks",
				);
				PRODUCT_BUNDLE_IDENTIFIER = com.dhwty.thereYet;
				PRODUCT_NAME = "$(TARGET_NAME)";
				SWIFT_VERSION = 5.0;
				TARGETED_DEVICE_FAMILY = "1,2";
			};
			name = Debug;
		};
		B31BDFDA242F74A90013C8A3 /* Release */ = {
			isa = XCBuildConfiguration;
			baseConfigurationReference = 9430BF4A210E4EFF4FCCB897 /* Pods-thereYet.release.xcconfig */;
			buildSettings = {
				ASSETCATALOG_COMPILER_APPICON_NAME = AppIcon;
				CODE_SIGN_ENTITLEMENTS = thereYet/Resources/thereYet.entitlements;
				CODE_SIGN_STYLE = Automatic;
				DEVELOPMENT_TEAM = Z2TAY6TRFW;
				INFOPLIST_FILE = thereYet/Resources/Info.plist;
				LD_RUNPATH_SEARCH_PATHS = (
					"$(inherited)",
					"@executable_path/Frameworks",
				);
				PRODUCT_BUNDLE_IDENTIFIER = com.dhwty.thereYet;
				PRODUCT_NAME = "$(TARGET_NAME)";
				SWIFT_VERSION = 5.0;
				TARGETED_DEVICE_FAMILY = "1,2";
			};
			name = Release;
		};
		B31BDFDC242F74A90013C8A3 /* Debug */ = {
			isa = XCBuildConfiguration;
			baseConfigurationReference = 8B5F77927270270E7BB5829C /* Pods-thereYetTests.debug.xcconfig */;
			buildSettings = {
				ALWAYS_EMBED_SWIFT_STANDARD_LIBRARIES = YES;
				BUNDLE_LOADER = "$(TEST_HOST)";
				CODE_SIGN_STYLE = Automatic;
				DEVELOPMENT_TEAM = Z2TAY6TRFW;
				INFOPLIST_FILE = thereYetTests/Info.plist;
				IPHONEOS_DEPLOYMENT_TARGET = 13.4;
				LD_RUNPATH_SEARCH_PATHS = (
					"$(inherited)",
					"@executable_path/Frameworks",
					"@loader_path/Frameworks",
				);
				PRODUCT_BUNDLE_IDENTIFIER = dhwty.thereYetTests;
				PRODUCT_NAME = "$(TARGET_NAME)";
				SWIFT_VERSION = 5.0;
				TARGETED_DEVICE_FAMILY = "1,2";
				TEST_HOST = "$(BUILT_PRODUCTS_DIR)/thereYet.app/thereYet";
			};
			name = Debug;
		};
		B31BDFDD242F74A90013C8A3 /* Release */ = {
			isa = XCBuildConfiguration;
			baseConfigurationReference = 1127BE89C318699AE7C3FB9D /* Pods-thereYetTests.release.xcconfig */;
			buildSettings = {
				ALWAYS_EMBED_SWIFT_STANDARD_LIBRARIES = YES;
				BUNDLE_LOADER = "$(TEST_HOST)";
				CODE_SIGN_STYLE = Automatic;
				DEVELOPMENT_TEAM = Z2TAY6TRFW;
				INFOPLIST_FILE = thereYetTests/Info.plist;
				IPHONEOS_DEPLOYMENT_TARGET = 13.4;
				LD_RUNPATH_SEARCH_PATHS = (
					"$(inherited)",
					"@executable_path/Frameworks",
					"@loader_path/Frameworks",
				);
				PRODUCT_BUNDLE_IDENTIFIER = dhwty.thereYetTests;
				PRODUCT_NAME = "$(TARGET_NAME)";
				SWIFT_VERSION = 5.0;
				TARGETED_DEVICE_FAMILY = "1,2";
				TEST_HOST = "$(BUILT_PRODUCTS_DIR)/thereYet.app/thereYet";
			};
			name = Release;
		};
		B31BDFDF242F74A90013C8A3 /* Debug */ = {
			isa = XCBuildConfiguration;
			baseConfigurationReference = F606244985EA79FED8978B8C /* Pods-thereYet-thereYetUITests.debug.xcconfig */;
			buildSettings = {
				ALWAYS_EMBED_SWIFT_STANDARD_LIBRARIES = YES;
				CODE_SIGN_STYLE = Automatic;
				DEVELOPMENT_TEAM = Z2TAY6TRFW;
				INFOPLIST_FILE = thereYetUITests/Info.plist;
				LD_RUNPATH_SEARCH_PATHS = (
					"$(inherited)",
					"@executable_path/Frameworks",
					"@loader_path/Frameworks",
				);
				PRODUCT_BUNDLE_IDENTIFIER = dhwty.thereYetUITests;
				PRODUCT_NAME = "$(TARGET_NAME)";
				SWIFT_VERSION = 5.0;
				TARGETED_DEVICE_FAMILY = "1,2";
				TEST_TARGET_NAME = thereYet;
			};
			name = Debug;
		};
		B31BDFE0242F74A90013C8A3 /* Release */ = {
			isa = XCBuildConfiguration;
			baseConfigurationReference = 5527E62177CB82F5A513EB58 /* Pods-thereYet-thereYetUITests.release.xcconfig */;
			buildSettings = {
				ALWAYS_EMBED_SWIFT_STANDARD_LIBRARIES = YES;
				CODE_SIGN_STYLE = Automatic;
				DEVELOPMENT_TEAM = Z2TAY6TRFW;
				INFOPLIST_FILE = thereYetUITests/Info.plist;
				LD_RUNPATH_SEARCH_PATHS = (
					"$(inherited)",
					"@executable_path/Frameworks",
					"@loader_path/Frameworks",
				);
				PRODUCT_BUNDLE_IDENTIFIER = dhwty.thereYetUITests;
				PRODUCT_NAME = "$(TARGET_NAME)";
				SWIFT_VERSION = 5.0;
				TARGETED_DEVICE_FAMILY = "1,2";
				TEST_TARGET_NAME = thereYet;
			};
			name = Release;
		};
/* End XCBuildConfiguration section */

/* Begin XCConfigurationList section */
		B31BDFA9242F74A60013C8A3 /* Build configuration list for PBXProject "thereYet" */ = {
			isa = XCConfigurationList;
			buildConfigurations = (
				B31BDFD6242F74A90013C8A3 /* Debug */,
				B31BDFD7242F74A90013C8A3 /* Release */,
			);
			defaultConfigurationIsVisible = 0;
			defaultConfigurationName = Release;
		};
		B31BDFD8242F74A90013C8A3 /* Build configuration list for PBXNativeTarget "thereYet" */ = {
			isa = XCConfigurationList;
			buildConfigurations = (
				B31BDFD9242F74A90013C8A3 /* Debug */,
				B31BDFDA242F74A90013C8A3 /* Release */,
			);
			defaultConfigurationIsVisible = 0;
			defaultConfigurationName = Release;
		};
		B31BDFDB242F74A90013C8A3 /* Build configuration list for PBXNativeTarget "thereYetTests" */ = {
			isa = XCConfigurationList;
			buildConfigurations = (
				B31BDFDC242F74A90013C8A3 /* Debug */,
				B31BDFDD242F74A90013C8A3 /* Release */,
			);
			defaultConfigurationIsVisible = 0;
			defaultConfigurationName = Release;
		};
		B31BDFDE242F74A90013C8A3 /* Build configuration list for PBXNativeTarget "thereYetUITests" */ = {
			isa = XCConfigurationList;
			buildConfigurations = (
				B31BDFDF242F74A90013C8A3 /* Debug */,
				B31BDFE0242F74A90013C8A3 /* Release */,
			);
			defaultConfigurationIsVisible = 0;
			defaultConfigurationName = Release;
		};
/* End XCConfigurationList section */

/* Begin XCVersionGroup section */
		B3963CE42455A026009E1094 /* thereYet.xcdatamodeld */ = {
			isa = XCVersionGroup;
			children = (
				B3963CE52455A026009E1094 /* thereYet.xcdatamodel */,
			);
			currentVersion = B3963CE52455A026009E1094 /* thereYet.xcdatamodel */;
			path = thereYet.xcdatamodeld;
			sourceTree = "<group>";
			versionGroupType = wrapper.xcdatamodel;
		};
/* End XCVersionGroup section */
	};
	rootObject = B31BDFA6242F74A60013C8A3 /* Project object */;
}
